// !$*UTF8*$!
{
	archiveVersion = 1;
	classes = {
	};
	objectVersion = 50;
	objects = {

/* Begin PBXBuildFile section */
		EA552A312525CC75002F34F7 /* AppDelegate.swift in Sources */ = {isa = PBXBuildFile; fileRef = EA552A302525CC75002F34F7 /* AppDelegate.swift */; };
		EA552A332525CC75002F34F7 /* SceneDelegate.swift in Sources */ = {isa = PBXBuildFile; fileRef = EA552A322525CC75002F34F7 /* SceneDelegate.swift */; };
		EA552A352525CC75002F34F7 /* ViewController.swift in Sources */ = {isa = PBXBuildFile; fileRef = EA552A342525CC75002F34F7 /* ViewController.swift */; };
		EA552A382525CC75002F34F7 /* Main.storyboard in Resources */ = {isa = PBXBuildFile; fileRef = EA552A362525CC75002F34F7 /* Main.storyboard */; };
		EA552A3A2525CC75002F34F7 /* Assets.xcassets in Resources */ = {isa = PBXBuildFile; fileRef = EA552A392525CC75002F34F7 /* Assets.xcassets */; };
		EA552A3D2525CC75002F34F7 /* LaunchScreen.storyboard in Resources */ = {isa = PBXBuildFile; fileRef = EA552A3B2525CC75002F34F7 /* LaunchScreen.storyboard */; };
		EA552A482525CC75002F34F7 /* MyAlbumTests.swift in Sources */ = {isa = PBXBuildFile; fileRef = EA552A472525CC75002F34F7 /* MyAlbumTests.swift */; };
		EA552A532525CC75002F34F7 /* MyAlbumUITests.swift in Sources */ = {isa = PBXBuildFile; fileRef = EA552A522525CC75002F34F7 /* MyAlbumUITests.swift */; };
/* End PBXBuildFile section */

/* Begin PBXContainerItemProxy section */
		EA552A442525CC75002F34F7 /* PBXContainerItemProxy */ = {
			isa = PBXContainerItemProxy;
			containerPortal = EA552A252525CC75002F34F7 /* Project object */;
			proxyType = 1;
			remoteGlobalIDString = EA552A2C2525CC75002F34F7;
			remoteInfo = MyAlbum;
		};
		EA552A4F2525CC75002F34F7 /* PBXContainerItemProxy */ = {
			isa = PBXContainerItemProxy;
			containerPortal = EA552A252525CC75002F34F7 /* Project object */;
			proxyType = 1;
			remoteGlobalIDString = EA552A2C2525CC75002F34F7;
			remoteInfo = MyAlbum;
		};
/* End PBXContainerItemProxy section */

/* Begin PBXFileReference section */
		EA552A2D2525CC75002F34F7 /* MyAlbum.app */ = {isa = PBXFileReference; explicitFileType = wrapper.application; includeInIndex = 0; path = MyAlbum.app; sourceTree = BUILT_PRODUCTS_DIR; };
		EA552A302525CC75002F34F7 /* AppDelegate.swift */ = {isa = PBXFileReference; lastKnownFileType = sourcecode.swift; path = AppDelegate.swift; sourceTree = "<group>"; };
		EA552A322525CC75002F34F7 /* SceneDelegate.swift */ = {isa = PBXFileReference; lastKnownFileType = sourcecode.swift; path = SceneDelegate.swift; sourceTree = "<group>"; };
		EA552A342525CC75002F34F7 /* ViewController.swift */ = {isa = PBXFileReference; lastKnownFileType = sourcecode.swift; path = ViewController.swift; sourceTree = "<group>"; };
		EA552A372525CC75002F34F7 /* Base */ = {isa = PBXFileReference; lastKnownFileType = file.storyboard; name = Base; path = Base.lproj/Main.storyboard; sourceTree = "<group>"; };
		EA552A392525CC75002F34F7 /* Assets.xcassets */ = {isa = PBXFileReference; lastKnownFileType = folder.assetcatalog; path = Assets.xcassets; sourceTree = "<group>"; };
		EA552A3C2525CC75002F34F7 /* Base */ = {isa = PBXFileReference; lastKnownFileType = file.storyboard; name = Base; path = Base.lproj/LaunchScreen.storyboard; sourceTree = "<group>"; };
		EA552A3E2525CC75002F34F7 /* Info.plist */ = {isa = PBXFileReference; lastKnownFileType = text.plist.xml; path = Info.plist; sourceTree = "<group>"; };
		EA552A432525CC75002F34F7 /* MyAlbumTests.xctest */ = {isa = PBXFileReference; explicitFileType = wrapper.cfbundle; includeInIndex = 0; path = MyAlbumTests.xctest; sourceTree = BUILT_PRODUCTS_DIR; };
		EA552A472525CC75002F34F7 /* MyAlbumTests.swift */ = {isa = PBXFileReference; lastKnownFileType = sourcecode.swift; path = MyAlbumTests.swift; sourceTree = "<group>"; };
		EA552A492525CC75002F34F7 /* Info.plist */ = {isa = PBXFileReference; lastKnownFileType = text.plist.xml; path = Info.plist; sourceTree = "<group>"; };
		EA552A4E2525CC75002F34F7 /* MyAlbumUITests.xctest */ = {isa = PBXFileReference; explicitFileType = wrapper.cfbundle; includeInIndex = 0; path = MyAlbumUITests.xctest; sourceTree = BUILT_PRODUCTS_DIR; };
		EA552A522525CC75002F34F7 /* MyAlbumUITests.swift */ = {isa = PBXFileReference; lastKnownFileType = sourcecode.swift; path = MyAlbumUITests.swift; sourceTree = "<group>"; };
		EA552A542525CC75002F34F7 /* Info.plist */ = {isa = PBXFileReference; lastKnownFileType = text.plist.xml; path = Info.plist; sourceTree = "<group>"; };
/* End PBXFileReference section */

/* Begin PBXFrameworksBuildPhase section */
		EA552A2A2525CC75002F34F7 /* Frameworks */ = {
			isa = PBXFrameworksBuildPhase;
			buildActionMask = 2147483647;
			files = (
			);
			runOnlyForDeploymentPostprocessing = 0;
		};
		EA552A402525CC75002F34F7 /* Frameworks */ = {
			isa = PBXFrameworksBuildPhase;
			buildActionMask = 2147483647;
			files = (
			);
			runOnlyForDeploymentPostprocessing = 0;
		};
		EA552A4B2525CC75002F34F7 /* Frameworks */ = {
			isa = PBXFrameworksBuildPhase;
			buildActionMask = 2147483647;
			files = (
			);
			runOnlyForDeploymentPostprocessing = 0;
		};
/* End PBXFrameworksBuildPhase section */

/* Begin PBXGroup section */
		EA552A242525CC75002F34F7 = {
			isa = PBXGroup;
			children = (
				EA552A2F2525CC75002F34F7 /* MyAlbum */,
				EA552A462525CC75002F34F7 /* MyAlbumTests */,
				EA552A512525CC75002F34F7 /* MyAlbumUITests */,
				EA552A2E2525CC75002F34F7 /* Products */,
			);
			sourceTree = "<group>";
		};
		EA552A2E2525CC75002F34F7 /* Products */ = {
			isa = PBXGroup;
			children = (
				EA552A2D2525CC75002F34F7 /* MyAlbum.app */,
				EA552A432525CC75002F34F7 /* MyAlbumTests.xctest */,
				EA552A4E2525CC75002F34F7 /* MyAlbumUITests.xctest */,
			);
			name = Products;
			sourceTree = "<group>";
		};
		EA552A2F2525CC75002F34F7 /* MyAlbum */ = {
			isa = PBXGroup;
			children = (
				EA552A302525CC75002F34F7 /* AppDelegate.swift */,
				EA552A322525CC75002F34F7 /* SceneDelegate.swift */,
				EA552A342525CC75002F34F7 /* ViewController.swift */,
				EA552A362525CC75002F34F7 /* Main.storyboard */,
				EA552A392525CC75002F34F7 /* Assets.xcassets */,
				EA552A3B2525CC75002F34F7 /* LaunchScreen.storyboard */,
				EA552A3E2525CC75002F34F7 /* Info.plist */,
			);
			path = MyAlbum;
			sourceTree = "<group>";
		};
		EA552A462525CC75002F34F7 /* MyAlbumTests */ = {
			isa = PBXGroup;
			children = (
				EA552A472525CC75002F34F7 /* MyAlbumTests.swift */,
				EA552A492525CC75002F34F7 /* Info.plist */,
			);
			path = MyAlbumTests;
			sourceTree = "<group>";
		};
		EA552A512525CC75002F34F7 /* MyAlbumUITests */ = {
			isa = PBXGroup;
			children = (
				EA552A522525CC75002F34F7 /* MyAlbumUITests.swift */,
				EA552A542525CC75002F34F7 /* Info.plist */,
			);
			path = MyAlbumUITests;
			sourceTree = "<group>";
		};
/* End PBXGroup section */

/* Begin PBXNativeTarget section */
		EA552A2C2525CC75002F34F7 /* MyAlbum */ = {
			isa = PBXNativeTarget;
			buildConfigurationList = EA552A572525CC75002F34F7 /* Build configuration list for PBXNativeTarget "MyAlbum" */;
			buildPhases = (
				EA552A292525CC75002F34F7 /* Sources */,
				EA552A2A2525CC75002F34F7 /* Frameworks */,
				EA552A2B2525CC75002F34F7 /* Resources */,
			);
			buildRules = (
			);
			dependencies = (
			);
			name = MyAlbum;
			productName = MyAlbum;
			productReference = EA552A2D2525CC75002F34F7 /* MyAlbum.app */;
			productType = "com.apple.product-type.application";
		};
		EA552A422525CC75002F34F7 /* MyAlbumTests */ = {
			isa = PBXNativeTarget;
			buildConfigurationList = EA552A5A2525CC75002F34F7 /* Build configuration list for PBXNativeTarget "MyAlbumTests" */;
			buildPhases = (
				EA552A3F2525CC75002F34F7 /* Sources */,
				EA552A402525CC75002F34F7 /* Frameworks */,
				EA552A412525CC75002F34F7 /* Resources */,
			);
			buildRules = (
			);
			dependencies = (
				EA552A452525CC75002F34F7 /* PBXTargetDependency */,
			);
			name = MyAlbumTests;
			productName = MyAlbumTests;
			productReference = EA552A432525CC75002F34F7 /* MyAlbumTests.xctest */;
			productType = "com.apple.product-type.bundle.unit-test";
		};
		EA552A4D2525CC75002F34F7 /* MyAlbumUITests */ = {
			isa = PBXNativeTarget;
			buildConfigurationList = EA552A5D2525CC75002F34F7 /* Build configuration list for PBXNativeTarget "MyAlbumUITests" */;
			buildPhases = (
				EA552A4A2525CC75002F34F7 /* Sources */,
				EA552A4B2525CC75002F34F7 /* Frameworks */,
				EA552A4C2525CC75002F34F7 /* Resources */,
			);
			buildRules = (
			);
			dependencies = (
				EA552A502525CC75002F34F7 /* PBXTargetDependency */,
			);
			name = MyAlbumUITests;
			productName = MyAlbumUITests;
			productReference = EA552A4E2525CC75002F34F7 /* MyAlbumUITests.xctest */;
			productType = "com.apple.product-type.bundle.ui-testing";
		};
/* End PBXNativeTarget section */

/* Begin PBXProject section */
		EA552A252525CC75002F34F7 /* Project object */ = {
			isa = PBXProject;
			attributes = {
				LastSwiftUpdateCheck = 1200;
				LastUpgradeCheck = 1200;
				TargetAttributes = {
					EA552A2C2525CC75002F34F7 = {
						CreatedOnToolsVersion = 12.0.1;
					};
					EA552A422525CC75002F34F7 = {
						CreatedOnToolsVersion = 12.0.1;
						TestTargetID = EA552A2C2525CC75002F34F7;
					};
					EA552A4D2525CC75002F34F7 = {
						CreatedOnToolsVersion = 12.0.1;
						TestTargetID = EA552A2C2525CC75002F34F7;
					};
				};
			};
			buildConfigurationList = EA552A282525CC75002F34F7 /* Build configuration list for PBXProject "MyAlbum" */;
			compatibilityVersion = "Xcode 9.3";
			developmentRegion = en;
			hasScannedForEncodings = 0;
			knownRegions = (
				en,
				Base,
			);
			mainGroup = EA552A242525CC75002F34F7;
			productRefGroup = EA552A2E2525CC75002F34F7 /* Products */;
			projectDirPath = "";
			projectRoot = "";
			targets = (
				EA552A2C2525CC75002F34F7 /* MyAlbum */,
				EA552A422525CC75002F34F7 /* MyAlbumTests */,
				EA552A4D2525CC75002F34F7 /* MyAlbumUITests */,
			);
		};
/* End PBXProject section */

/* Begin PBXResourcesBuildPhase section */
		EA552A2B2525CC75002F34F7 /* Resources */ = {
			isa = PBXResourcesBuildPhase;
			buildActionMask = 2147483647;
			files = (
				EA552A3D2525CC75002F34F7 /* LaunchScreen.storyboard in Resources */,
				EA552A3A2525CC75002F34F7 /* Assets.xcassets in Resources */,
				EA552A382525CC75002F34F7 /* Main.storyboard in Resources */,
			);
			runOnlyForDeploymentPostprocessing = 0;
		};
		EA552A412525CC75002F34F7 /* Resources */ = {
			isa = PBXResourcesBuildPhase;
			buildActionMask = 2147483647;
			files = (
			);
			runOnlyForDeploymentPostprocessing = 0;
		};
		EA552A4C2525CC75002F34F7 /* Resources */ = {
			isa = PBXResourcesBuildPhase;
			buildActionMask = 2147483647;
			files = (
			);
			runOnlyForDeploymentPostprocessing = 0;
		};
/* End PBXResourcesBuildPhase section */

/* Begin PBXSourcesBuildPhase section */
		EA552A292525CC75002F34F7 /* Sources */ = {
			isa = PBXSourcesBuildPhase;
			buildActionMask = 2147483647;
			files = (
				EA552A352525CC75002F34F7 /* ViewController.swift in Sources */,
				EA552A312525CC75002F34F7 /* AppDelegate.swift in Sources */,
				EA552A332525CC75002F34F7 /* SceneDelegate.swift in Sources */,
			);
			runOnlyForDeploymentPostprocessing = 0;
		};
		EA552A3F2525CC75002F34F7 /* Sources */ = {
			isa = PBXSourcesBuildPhase;
			buildActionMask = 2147483647;
			files = (
				EA552A482525CC75002F34F7 /* MyAlbumTests.swift in Sources */,
			);
			runOnlyForDeploymentPostprocessing = 0;
		};
		EA552A4A2525CC75002F34F7 /* Sources */ = {
			isa = PBXSourcesBuildPhase;
			buildActionMask = 2147483647;
			files = (
				EA552A532525CC75002F34F7 /* MyAlbumUITests.swift in Sources */,
			);
			runOnlyForDeploymentPostprocessing = 0;
		};
/* End PBXSourcesBuildPhase section */

/* Begin PBXTargetDependency section */
		EA552A452525CC75002F34F7 /* PBXTargetDependency */ = {
			isa = PBXTargetDependency;
			target = EA552A2C2525CC75002F34F7 /* MyAlbum */;
			targetProxy = EA552A442525CC75002F34F7 /* PBXContainerItemProxy */;
		};
		EA552A502525CC75002F34F7 /* PBXTargetDependency */ = {
			isa = PBXTargetDependency;
			target = EA552A2C2525CC75002F34F7 /* MyAlbum */;
			targetProxy = EA552A4F2525CC75002F34F7 /* PBXContainerItemProxy */;
		};
/* End PBXTargetDependency section */

/* Begin PBXVariantGroup section */
		EA552A362525CC75002F34F7 /* Main.storyboard */ = {
			isa = PBXVariantGroup;
			children = (
				EA552A372525CC75002F34F7 /* Base */,
			);
			name = Main.storyboard;
			sourceTree = "<group>";
		};
		EA552A3B2525CC75002F34F7 /* LaunchScreen.storyboard */ = {
			isa = PBXVariantGroup;
			children = (
				EA552A3C2525CC75002F34F7 /* Base */,
			);
			name = LaunchScreen.storyboard;
			sourceTree = "<group>";
		};
/* End PBXVariantGroup section */

/* Begin XCBuildConfiguration section */
		EA552A552525CC75002F34F7 /* Debug */ = {
			isa = XCBuildConfiguration;
			buildSettings = {
				ALWAYS_SEARCH_USER_PATHS = NO;
				CLANG_ANALYZER_NONNULL = YES;
				CLANG_ANALYZER_NUMBER_OBJECT_CONVERSION = YES_AGGRESSIVE;
				CLANG_CXX_LANGUAGE_STANDARD = "gnu++14";
				CLANG_CXX_LIBRARY = "libc++";
				CLANG_ENABLE_MODULES = YES;
				CLANG_ENABLE_OBJC_ARC = YES;
				CLANG_ENABLE_OBJC_WEAK = YES;
				CLANG_WARN_BLOCK_CAPTURE_AUTORELEASING = YES;
				CLANG_WARN_BOOL_CONVERSION = YES;
				CLANG_WARN_COMMA = YES;
				CLANG_WARN_CONSTANT_CONVERSION = YES;
				CLANG_WARN_DEPRECATED_OBJC_IMPLEMENTATIONS = YES;
				CLANG_WARN_DIRECT_OBJC_ISA_USAGE = YES_ERROR;
				CLANG_WARN_DOCUMENTATION_COMMENTS = YES;
				CLANG_WARN_EMPTY_BODY = YES;
				CLANG_WARN_ENUM_CONVERSION = YES;
				CLANG_WARN_INFINITE_RECURSION = YES;
				CLANG_WARN_INT_CONVERSION = YES;
				CLANG_WARN_NON_LITERAL_NULL_CONVERSION = YES;
				CLANG_WARN_OBJC_IMPLICIT_RETAIN_SELF = YES;
				CLANG_WARN_OBJC_LITERAL_CONVERSION = YES;
				CLANG_WARN_OBJC_ROOT_CLASS = YES_ERROR;
				CLANG_WARN_QUOTED_INCLUDE_IN_FRAMEWORK_HEADER = YES;
				CLANG_WARN_RANGE_LOOP_ANALYSIS = YES;
				CLANG_WARN_STRICT_PROTOTYPES = YES;
				CLANG_WARN_SUSPICIOUS_MOVE = YES;
				CLANG_WARN_UNGUARDED_AVAILABILITY = YES_AGGRESSIVE;
				CLANG_WARN_UNREACHABLE_CODE = YES;
				CLANG_WARN__DUPLICATE_METHOD_MATCH = YES;
				COPY_PHASE_STRIP = NO;
				DEBUG_INFORMATION_FORMAT = dwarf;
				ENABLE_STRICT_OBJC_MSGSEND = YES;
				ENABLE_TESTABILITY = YES;
				GCC_C_LANGUAGE_STANDARD = gnu11;
				GCC_DYNAMIC_NO_PIC = NO;
				GCC_NO_COMMON_BLOCKS = YES;
				GCC_OPTIMIZATION_LEVEL = 0;
				GCC_PREPROCESSOR_DEFINITIONS = (
					"DEBUG=1",
					"$(inherited)",
				);
				GCC_WARN_64_TO_32_BIT_CONVERSION = YES;
				GCC_WARN_ABOUT_RETURN_TYPE = YES_ERROR;
				GCC_WARN_UNDECLARED_SELECTOR = YES;
				GCC_WARN_UNINITIALIZED_AUTOS = YES_AGGRESSIVE;
				GCC_WARN_UNUSED_FUNCTION = YES;
				GCC_WARN_UNUSED_VARIABLE = YES;
				IPHONEOS_DEPLOYMENT_TARGET = 14.0;
				MTL_ENABLE_DEBUG_INFO = INCLUDE_SOURCE;
				MTL_FAST_MATH = YES;
				ONLY_ACTIVE_ARCH = YES;
				SDKROOT = iphoneos;
				SWIFT_ACTIVE_COMPILATION_CONDITIONS = DEBUG;
				SWIFT_OPTIMIZATION_LEVEL = "-Onone";
			};
			name = Debug;
		};
		EA552A562525CC75002F34F7 /* Release */ = {
			isa = XCBuildConfiguration;
			buildSettings = {
				ALWAYS_SEARCH_USER_PATHS = NO;
				CLANG_ANALYZER_NONNULL = YES;
				CLANG_ANALYZER_NUMBER_OBJECT_CONVERSION = YES_AGGRESSIVE;
				CLANG_CXX_LANGUAGE_STANDARD = "gnu++14";
				CLANG_CXX_LIBRARY = "libc++";
				CLANG_ENABLE_MODULES = YES;
				CLANG_ENABLE_OBJC_ARC = YES;
				CLANG_ENABLE_OBJC_WEAK = YES;
				CLANG_WARN_BLOCK_CAPTURE_AUTORELEASING = YES;
				CLANG_WARN_BOOL_CONVERSION = YES;
				CLANG_WARN_COMMA = YES;
				CLANG_WARN_CONSTANT_CONVERSION = YES;
				CLANG_WARN_DEPRECATED_OBJC_IMPLEMENTATIONS = YES;
				CLANG_WARN_DIRECT_OBJC_ISA_USAGE = YES_ERROR;
				CLANG_WARN_DOCUMENTATION_COMMENTS = YES;
				CLANG_WARN_EMPTY_BODY = YES;
				CLANG_WARN_ENUM_CONVERSION = YES;
				CLANG_WARN_INFINITE_RECURSION = YES;
				CLANG_WARN_INT_CONVERSION = YES;
				CLANG_WARN_NON_LITERAL_NULL_CONVERSION = YES;
				CLANG_WARN_OBJC_IMPLICIT_RETAIN_SELF = YES;
				CLANG_WARN_OBJC_LITERAL_CONVERSION = YES;
				CLANG_WARN_OBJC_ROOT_CLASS = YES_ERROR;
				CLANG_WARN_QUOTED_INCLUDE_IN_FRAMEWORK_HEADER = YES;
				CLANG_WARN_RANGE_LOOP_ANALYSIS = YES;
				CLANG_WARN_STRICT_PROTOTYPES = YES;
				CLANG_WARN_SUSPICIOUS_MOVE = YES;
				CLANG_WARN_UNGUARDED_AVAILABILITY = YES_AGGRESSIVE;
				CLANG_WARN_UNREACHABLE_CODE = YES;
				CLANG_WARN__DUPLICATE_METHOD_MATCH = YES;
				COPY_PHASE_STRIP = NO;
				DEBUG_INFORMATION_FORMAT = "dwarf-with-dsym";
				ENABLE_NS_ASSERTIONS = NO;
				ENABLE_STRICT_OBJC_MSGSEND = YES;
				GCC_C_LANGUAGE_STANDARD = gnu11;
				GCC_NO_COMMON_BLOCKS = YES;
				GCC_WARN_64_TO_32_BIT_CONVERSION = YES;
				GCC_WARN_ABOUT_RETURN_TYPE = YES_ERROR;
				GCC_WARN_UNDECLARED_SELECTOR = YES;
				GCC_WARN_UNINITIALIZED_AUTOS = YES_AGGRESSIVE;
				GCC_WARN_UNUSED_FUNCTION = YES;
				GCC_WARN_UNUSED_VARIABLE = YES;
				IPHONEOS_DEPLOYMENT_TARGET = 14.0;
				MTL_ENABLE_DEBUG_INFO = NO;
				MTL_FAST_MATH = YES;
				SDKROOT = iphoneos;
				SWIFT_COMPILATION_MODE = wholemodule;
				SWIFT_OPTIMIZATION_LEVEL = "-O";
				VALIDATE_PRODUCT = YES;
			};
			name = Release;
		};
		EA552A582525CC75002F34F7 /* Debug */ = {
			isa = XCBuildConfiguration;
			buildSettings = {
				ASSETCATALOG_COMPILER_APPICON_NAME = AppIcon;
				ASSETCATALOG_COMPILER_GLOBAL_ACCENT_COLOR_NAME = AccentColor;
				CODE_SIGN_STYLE = Automatic;
				INFOPLIST_FILE = MyAlbum/Info.plist;
				LD_RUNPATH_SEARCH_PATHS = (
					"$(inherited)",
					"@executable_path/Frameworks",
				);
				PRODUCT_BUNDLE_IDENTIFIER = Soul.MyAlbum;
				PRODUCT_NAME = "$(TARGET_NAME)";
				SWIFT_VERSION = 5.0;
				TARGETED_DEVICE_FAMILY = "1,2";
			};
			name = Debug;
		};
		EA552A592525CC75002F34F7 /* Release */ = {
			isa = XCBuildConfiguration;
			buildSettings = {
				ASSETCATALOG_COMPILER_APPICON_NAME = AppIcon;
				ASSETCATALOG_COMPILER_GLOBAL_ACCENT_COLOR_NAME = AccentColor;
				CODE_SIGN_STYLE = Automatic;
				INFOPLIST_FILE = MyAlbum/Info.plist;
				LD_RUNPATH_SEARCH_PATHS = (
					"$(inherited)",
					"@executable_path/Frameworks",
				);
				PRODUCT_BUNDLE_IDENTIFIER = Soul.MyAlbum;
				PRODUCT_NAME = "$(TARGET_NAME)";
				SWIFT_VERSION = 5.0;
				TARGETED_DEVICE_FAMILY = "1,2";
			};
			name = Release;
		};
		EA552A5B2525CC75002F34F7 /* Debug */ = {
			isa = XCBuildConfiguration;
			buildSettings = {
				ALWAYS_EMBED_SWIFT_STANDARD_LIBRARIES = YES;
				BUNDLE_LOADER = "$(TEST_HOST)";
				CODE_SIGN_STYLE = Automatic;
				INFOPLIST_FILE = MyAlbumTests/Info.plist;
				IPHONEOS_DEPLOYMENT_TARGET = 14.0;
				LD_RUNPATH_SEARCH_PATHS = (
					"$(inherited)",
					"@executable_path/Frameworks",
					"@loader_path/Frameworks",
				);
				PRODUCT_BUNDLE_IDENTIFIER = Soul.MyAlbumTests;
				PRODUCT_NAME = "$(TARGET_NAME)";
				SWIFT_VERSION = 5.0;
				TARGETED_DEVICE_FAMILY = "1,2";
				TEST_HOST = "$(BUILT_PRODUCTS_DIR)/MyAlbum.app/MyAlbum";
			};
			name = Debug;
		};
		EA552A5C2525CC75002F34F7 /* Release */ = {
			isa = XCBuildConfiguration;
			buildSettings = {
				ALWAYS_EMBED_SWIFT_STANDARD_LIBRARIES = YES;
				BUNDLE_LOADER = "$(TEST_HOST)";
				CODE_SIGN_STYLE = Automatic;
				INFOPLIST_FILE = MyAlbumTests/Info.plist;
				IPHONEOS_DEPLOYMENT_TARGET = 14.0;
				LD_RUNPATH_SEARCH_PATHS = (
					"$(inherited)",
					"@executable_path/Frameworks",
					"@loader_path/Frameworks",
				);
				PRODUCT_BUNDLE_IDENTIFIER = Soul.MyAlbumTests;
				PRODUCT_NAME = "$(TARGET_NAME)";
				SWIFT_VERSION = 5.0;
				TARGETED_DEVICE_FAMILY = "1,2";
				TEST_HOST = "$(BUILT_PRODUCTS_DIR)/MyAlbum.app/MyAlbum";
			};
			name = Release;
		};
		EA552A5E2525CC75002F34F7 /* Debug */ = {
			isa = XCBuildConfiguration;
			buildSettings = {
				ALWAYS_EMBED_SWIFT_STANDARD_LIBRARIES = YES;
				CODE_SIGN_STYLE = Automatic;
				INFOPLIST_FILE = MyAlbumUITests/Info.plist;
				LD_RUNPATH_SEARCH_PATHS = (
					"$(inherited)",
					"@executable_path/Frameworks",
					"@loader_path/Frameworks",
				);
				PRODUCT_BUNDLE_IDENTIFIER = Soul.MyAlbumUITests;
				PRODUCT_NAME = "$(TARGET_NAME)";
				SWIFT_VERSION = 5.0;
				TARGETED_DEVICE_FAMILY = "1,2";
				TEST_TARGET_NAME = MyAlbum;
			};
			name = Debug;
		};
		EA552A5F2525CC75002F34F7 /* Release */ = {
			isa = XCBuildConfiguration;
			buildSettings = {
				ALWAYS_EMBED_SWIFT_STANDARD_LIBRARIES = YES;
				CODE_SIGN_STYLE = Automatic;
				INFOPLIST_FILE = MyAlbumUITests/Info.plist;
				LD_RUNPATH_SEARCH_PATHS = (
					"$(inherited)",
					"@executable_path/Frameworks",
					"@loader_path/Frameworks",
				);
				PRODUCT_BUNDLE_IDENTIFIER = Soul.MyAlbumUITests;
				PRODUCT_NAME = "$(TARGET_NAME)";
				SWIFT_VERSION = 5.0;
				TARGETED_DEVICE_FAMILY = "1,2";
				TEST_TARGET_NAME = MyAlbum;
			};
			name = Release;
		};
/* End XCBuildConfiguration section */

/* Begin XCConfigurationList section */
		EA552A282525CC75002F34F7 /* Build configuration list for PBXProject "MyAlbum" */ = {
			isa = XCConfigurationList;
			buildConfigurations = (
				EA552A552525CC75002F34F7 /* Debug */,
				EA552A562525CC75002F34F7 /* Release */,
			);
			defaultConfigurationIsVisible = 0;
			defaultConfigurationName = Release;
		};
		EA552A572525CC75002F34F7 /* Build configuration list for PBXNativeTarget "MyAlbum" */ = {
			isa = XCConfigurationList;
			buildConfigurations = (
				EA552A582525CC75002F34F7 /* Debug */,
				EA552A592525CC75002F34F7 /* Release */,
			);
			defaultConfigurationIsVisible = 0;
			defaultConfigurationName = Release;
		};
		EA552A5A2525CC75002F34F7 /* Build configuration list for PBXNativeTarget "MyAlbumTests" */ = {
			isa = XCConfigurationList;
			buildConfigurations = (
				EA552A5B2525CC75002F34F7 /* Debug */,
				EA552A5C2525CC75002F34F7 /* Release */,
			);
			defaultConfigurationIsVisible = 0;
			defaultConfigurationName = Release;
		};
		EA552A5D2525CC75002F34F7 /* Build configuration list for PBXNativeTarget "MyAlbumUITests" */ = {
			isa = XCConfigurationList;
			buildConfigurations = (
				EA552A5E2525CC75002F34F7 /* Debug */,
				EA552A5F2525CC75002F34F7 /* Release */,
			);
			defaultConfigurationIsVisible = 0;
			defaultConfigurationName = Release;
		};
/* End XCConfigurationList section */
	};
	rootObject = EA552A252525CC75002F34F7 /* Project object */;
}
